
Microsoft Visual Studio Solution File, Format Version 12.00
# Visual Studio Version 17
VisualStudioVersion = 17.0.31903.59
MinimumVisualStudioVersion = 10.0.40219.1
Project("{FAE04EC0-301F-11D3-BF4B-00C04F79EFBC}") = "Aoe.Protocol", "Aoe.Protocol\Aoe.Protocol.csproj", "{76CC559A-7DEF-40BF-BC5C-6E1464D05059}"
EndProject
Project("{FAE04EC0-301F-11D3-BF4B-00C04F79EFBC}") = "Aoe.Beta", "Aoe.Beta\Aoe.Beta.csproj", "{5294B95A-8B4B-49B4-9F6D-328AEAB7D9DE}"
EndProject
Project("{FAE04EC0-301F-11D3-BF4B-00C04F79EFBC}") = "Aoe.Alpha", "Aoe.Alpha\Aoe.Alpha.csproj", "{A96AE425-676C-477F-A11F-0F28FE822705}"
EndProject
Global
	GlobalSection(SolutionConfigurationPlatforms) = preSolution
		Debug|Any CPU = Debug|Any CPU
		Release|Any CPU = Release|Any CPU
	EndGlobalSection
	GlobalSection(SolutionProperties) = preSolution
		HideSolutionNode = FALSE
	EndGlobalSection
	GlobalSection(ProjectConfigurationPlatforms) = postSolution
		{76CC559A-7DEF-40BF-BC5C-6E1464D05059}.Debug|Any CPU.ActiveCfg = Debug|Any CPU
		{76CC559A-7DEF-40BF-BC5C-6E1464D05059}.Debug|Any CPU.Build.0 = Debug|Any CPU
		{76CC559A-7DEF-40BF-BC5C-6E1464D05059}.Release|Any CPU.ActiveCfg = Release|Any CPU
		{76CC559A-7DEF-40BF-BC5C-6E1464D05059}.Release|Any CPU.Build.0 = Release|Any CPU
		{5294B95A-8B4B-49B4-9F6D-328AEAB7D9DE}.Debug|Any CPU.ActiveCfg = Debug|Any CPU
		{5294B95A-8B4B-49B4-9F6D-328AEAB7D9DE}.Debug|Any CPU.Build.0 = Debug|Any CPU
		{5294B95A-8B4B-49B4-9F6D-328AEAB7D9DE}.Release|Any CPU.ActiveCfg = Release|Any CPU
		{5294B95A-8B4B-49B4-9F6D-328AEAB7D9DE}.Release|Any CPU.Build.0 = Release|Any CPU
		{A96AE425-676C-477F-A11F-0F28FE822705}.Debug|Any CPU.ActiveCfg = Debug|Any CPU
		{A96AE425-676C-477F-A11F-0F28FE822705}.Debug|Any CPU.Build.0 = Debug|Any CPU
		{A96AE425-676C-477F-A11F-0F28FE822705}.Release|Any CPU.ActiveCfg = Release|Any CPU
		{A96AE425-676C-477F-A11F-0F28FE822705}.Release|Any CPU.Build.0 = Release|Any CPU
	EndGlobalSection
EndGlobal
